// !$*UTF8*$!
{
	archiveVersion = 1;
	classes = {
	};
	objectVersion = 50;
	objects = {

/* Begin PBXBuildFile section */
		CFE38BB2221F794200DB62EA /* AppDelegate.swift in Sources */ = {isa = PBXBuildFile; fileRef = CFE38BB1221F794200DB62EA /* AppDelegate.swift */; };
		CFE38BB7221F794200DB62EA /* Main.storyboard in Resources */ = {isa = PBXBuildFile; fileRef = CFE38BB5221F794200DB62EA /* Main.storyboard */; };
		CFE38BB9221F794300DB62EA /* Assets.xcassets in Resources */ = {isa = PBXBuildFile; fileRef = CFE38BB8221F794300DB62EA /* Assets.xcassets */; };
		CFE38BBC221F794300DB62EA /* LaunchScreen.storyboard in Resources */ = {isa = PBXBuildFile; fileRef = CFE38BBA221F794300DB62EA /* LaunchScreen.storyboard */; };
		CFE38BC6221F7A8000DB62EA /* movieViewController.swift in Sources */ = {isa = PBXBuildFile; fileRef = CFE38BC5221F7A8000DB62EA /* movieViewController.swift */; };
		CFE38BC8221F7E3A00DB62EA /* MovieCell.swift in Sources */ = {isa = PBXBuildFile; fileRef = CFE38BC7221F7E3A00DB62EA /* MovieCell.swift */; };
		D5DB6FBD31D173DF5C857438 /* Pods_FlixMovie.framework in Frameworks */ = {isa = PBXBuildFile; fileRef = BE932002370CC00783085A2B /* Pods_FlixMovie.framework */; };
/* End PBXBuildFile section */

/* Begin PBXFileReference section */
		0AC186C9ABF9B5957F3432FA /* Pods-FlixMovie.debug.xcconfig */ = {isa = PBXFileReference; includeInIndex = 1; lastKnownFileType = text.xcconfig; name = "Pods-FlixMovie.debug.xcconfig"; path = "Target Support Files/Pods-FlixMovie/Pods-FlixMovie.debug.xcconfig"; sourceTree = "<group>"; };
		1B237DD0CCFB4270F2F9AA87 /* Pods-FlixMovie.release.xcconfig */ = {isa = PBXFileReference; includeInIndex = 1; lastKnownFileType = text.xcconfig; name = "Pods-FlixMovie.release.xcconfig"; path = "Target Support Files/Pods-FlixMovie/Pods-FlixMovie.release.xcconfig"; sourceTree = "<group>"; };
		BE932002370CC00783085A2B /* Pods_FlixMovie.framework */ = {isa = PBXFileReference; explicitFileType = wrapper.framework; includeInIndex = 0; path = Pods_FlixMovie.framework; sourceTree = BUILT_PRODUCTS_DIR; };
		CFE38BAE221F794200DB62EA /* FlixMovie.app */ = {isa = PBXFileReference; explicitFileType = wrapper.application; includeInIndex = 0; path = FlixMovie.app; sourceTree = BUILT_PRODUCTS_DIR; };
		CFE38BB1221F794200DB62EA /* AppDelegate.swift */ = {isa = PBXFileReference; lastKnownFileType = sourcecode.swift; path = AppDelegate.swift; sourceTree = "<group>"; };
		CFE38BB6221F794200DB62EA /* Base */ = {isa = PBXFileReference; lastKnownFileType = file.storyboard; name = Base; path = Base.lproj/Main.storyboard; sourceTree = "<group>"; };
		CFE38BB8221F794300DB62EA /* Assets.xcassets */ = {isa = PBXFileReference; lastKnownFileType = folder.assetcatalog; path = Assets.xcassets; sourceTree = "<group>"; };
		CFE38BBB221F794300DB62EA /* Base */ = {isa = PBXFileReference; lastKnownFileType = file.storyboard; name = Base; path = Base.lproj/LaunchScreen.storyboard; sourceTree = "<group>"; };
		CFE38BBD221F794300DB62EA /* Info.plist */ = {isa = PBXFileReference; lastKnownFileType = text.plist.xml; path = Info.plist; sourceTree = "<group>"; };
		CFE38BC5221F7A8000DB62EA /* movieViewController.swift */ = {isa = PBXFileReference; lastKnownFileType = sourcecode.swift; path = movieViewController.swift; sourceTree = "<group>"; };
		CFE38BC7221F7E3A00DB62EA /* MovieCell.swift */ = {isa = PBXFileReference; lastKnownFileType = sourcecode.swift; path = MovieCell.swift; sourceTree = "<group>"; };
/* End PBXFileReference section */

/* Begin PBXFrameworksBuildPhase section */
		CFE38BAB221F794200DB62EA /* Frameworks */ = {
			isa = PBXFrameworksBuildPhase;
			buildActionMask = 2147483647;
			files = (
				D5DB6FBD31D173DF5C857438 /* Pods_FlixMovie.framework in Frameworks */,
			);
			runOnlyForDeploymentPostprocessing = 0;
		};
/* End PBXFrameworksBuildPhase section */

/* Begin PBXGroup section */
		594AE997748963CE560FE113 /* Pods */ = {
			isa = PBXGroup;
			children = (
				0AC186C9ABF9B5957F3432FA /* Pods-FlixMovie.debug.xcconfig */,
				1B237DD0CCFB4270F2F9AA87 /* Pods-FlixMovie.release.xcconfig */,
			);
			name = Pods;
			path = Pods;
			sourceTree = "<group>";
		};
		8AA6E32C56C253864D877177 /* Frameworks */ = {
			isa = PBXGroup;
			children = (
				BE932002370CC00783085A2B /* Pods_FlixMovie.framework */,
			);
			name = Frameworks;
			sourceTree = "<group>";
		};
		CFE38BA5221F794200DB62EA = {
			isa = PBXGroup;
			children = (
				CFE38BB0221F794200DB62EA /* FlixMovie */,
				CFE38BAF221F794200DB62EA /* Products */,
				594AE997748963CE560FE113 /* Pods */,
				8AA6E32C56C253864D877177 /* Frameworks */,
			);
			sourceTree = "<group>";
		};
		CFE38BAF221F794200DB62EA /* Products */ = {
			isa = PBXGroup;
			children = (
				CFE38BAE221F794200DB62EA /* FlixMovie.app */,
			);
			name = Products;
			sourceTree = "<group>";
		};
		CFE38BB0221F794200DB62EA /* FlixMovie */ = {
			isa = PBXGroup;
			children = (
				CFE38BC5221F7A8000DB62EA /* movieViewController.swift */,
				CFE38BB1221F794200DB62EA /* AppDelegate.swift */,
				CFE38BB5221F794200DB62EA /* Main.storyboard */,
				CFE38BC7221F7E3A00DB62EA /* MovieCell.swift */,
				CFE38BB8221F794300DB62EA /* Assets.xcassets */,
				CFE38BBA221F794300DB62EA /* LaunchScreen.storyboard */,
				CFE38BBD221F794300DB62EA /* Info.plist */,
			);
			path = FlixMovie;
			sourceTree = "<group>";
		};
/* End PBXGroup section */

/* Begin PBXNativeTarget section */
		CFE38BAD221F794200DB62EA /* FlixMovie */ = {
			isa = PBXNativeTarget;
			buildConfigurationList = CFE38BC0221F794300DB62EA /* Build configuration list for PBXNativeTarget "FlixMovie" */;
			buildPhases = (
				719984AA12E954E056DE660E /* [CP] Check Pods Manifest.lock */,
				CFE38BAA221F794200DB62EA /* Sources */,
				CFE38BAB221F794200DB62EA /* Frameworks */,
				CFE38BAC221F794200DB62EA /* Resources */,
				EE44EE17C548FB8F00182E69 /* [CP] Embed Pods Frameworks */,
			);
			buildRules = (
			);
			dependencies = (
			);
			name = FlixMovie;
			productName = FlixMovie;
			productReference = CFE38BAE221F794200DB62EA /* FlixMovie.app */;
			productType = "com.apple.product-type.application";
		};
/* End PBXNativeTarget section */

/* Begin PBXProject section */
		CFE38BA6221F794200DB62EA /* Project object */ = {
			isa = PBXProject;
			attributes = {
				LastSwiftUpdateCheck = 1010;
				LastUpgradeCheck = 1010;
				ORGANIZATIONNAME = "Kenneth Li";
				TargetAttributes = {
					CFE38BAD221F794200DB62EA = {
						CreatedOnToolsVersion = 10.1;
					};
				};
			};
			buildConfigurationList = CFE38BA9221F794200DB62EA /* Build configuration list for PBXProject "FlixMovie" */;
			compatibilityVersion = "Xcode 9.3";
			developmentRegion = en;
			hasScannedForEncodings = 0;
			knownRegions = (
				en,
				Base,
			);
			mainGroup = CFE38BA5221F794200DB62EA;
			productRefGroup = CFE38BAF221F794200DB62EA /* Products */;
			projectDirPath = "";
			projectRoot = "";
			targets = (
				CFE38BAD221F794200DB62EA /* FlixMovie */,
			);
		};
/* End PBXProject section */

/* Begin PBXResourcesBuildPhase section */
		CFE38BAC221F794200DB62EA /* Resources */ = {
			isa = PBXResourcesBuildPhase;
			buildActionMask = 2147483647;
			files = (
				CFE38BBC221F794300DB62EA /* LaunchScreen.storyboard in Resources */,
				CFE38BB9221F794300DB62EA /* Assets.xcassets in Resources */,
				CFE38BB7221F794200DB62EA /* Main.storyboard in Resources */,
			);
			runOnlyForDeploymentPostprocessing = 0;
		};
/* End PBXResourcesBuildPhase section */

/* Begin PBXShellScriptBuildPhase section */
		719984AA12E954E056DE660E /* [CP] Check Pods Manifest.lock */ = {
			isa = PBXShellScriptBuildPhase;
			buildActionMask = 2147483647;
			files = (
			);
			inputFileListPaths = (
			);
			inputPaths = (
				"${PODS_PODFILE_DIR_PATH}/Podfile.lock",
				"${PODS_ROOT}/Manifest.lock",
			);
			name = "[CP] Check Pods Manifest.lock";
			outputFileListPaths = (
			);
			outputPaths = (
				"$(DERIVED_FILE_DIR)/Pods-FlixMovie-checkManifestLockResult.txt",
			);
			runOnlyForDeploymentPostprocessing = 0;
			shellPath = /bin/sh;
			shellScript = "diff \"${PODS_PODFILE_DIR_PATH}/Podfile.lock\" \"${PODS_ROOT}/Manifest.lock\" > /dev/null\nif [ $? != 0 ] ; then\n    # print error to STDERR\n    echo \"error: The sandbox is not in sync with the Podfile.lock. Run 'pod install' or update your CocoaPods installation.\" >&2\n    exit 1\nfi\n# This output is used by Xcode 'outputs' to avoid re-running this script phase.\necho \"SUCCESS\" > \"${SCRIPT_OUTPUT_FILE_0}\"\n";
			showEnvVarsInLog = 0;
		};
		EE44EE17C548FB8F00182E69 /* [CP] Embed Pods Frameworks */ = {
			isa = PBXShellScriptBuildPhase;
			buildActionMask = 2147483647;
			files = (
			);
			inputFileListPaths = (
			);
			inputPaths = (
				"${PODS_ROOT}/Target Support Files/Pods-FlixMovie/Pods-FlixMovie-frameworks.sh",
				"${BUILT_PRODUCTS_DIR}/Alamofire/Alamofire.framework",
				"${BUILT_PRODUCTS_DIR}/AlamofireImage/AlamofireImage.framework",
			);
			name = "[CP] Embed Pods Frameworks";
			outputFileListPaths = (
			);
			outputPaths = (
				"${TARGET_BUILD_DIR}/${FRAMEWORKS_FOLDER_PATH}/Alamofire.framework",
				"${TARGET_BUILD_DIR}/${FRAMEWORKS_FOLDER_PATH}/AlamofireImage.framework",
			);
			runOnlyForDeploymentPostprocessing = 0;
			shellPath = /bin/sh;
			shellScript = "\"${PODS_ROOT}/Target Support Files/Pods-FlixMovie/Pods-FlixMovie-frameworks.sh\"\n";
			showEnvVarsInLog = 0;
		};
/* End PBXShellScriptBuildPhase section */

/* Begin PBXSourcesBuildPhase section */
		CFE38BAA221F794200DB62EA /* Sources */ = {
			isa = PBXSourcesBuildPhase;
			buildActionMask = 2147483647;
			files = (
				CFE38BB2221F794200DB62EA /* AppDelegate.swift in Sources */,
				CFE38BC6221F7A8000DB62EA /* movieViewController.swift in Sources */,
				CFE38BC8221F7E3A00DB62EA /* MovieCell.swift in Sources */,
			);
			runOnlyForDeploymentPostprocessing = 0;
		};
/* End PBXSourcesBuildPhase section */

/* Begin PBXVariantGroup section */
		CFE38BB5221F794200DB62EA /* Main.storyboard */ = {
			isa = PBXVariantGroup;
			children = (
				CFE38BB6221F794200DB62EA /* Base */,
			);
			name = Main.storyboard;
			sourceTree = "<group>";
		};
		CFE38BBA221F794300DB62EA /* LaunchScreen.storyboard */ = {
			isa = PBXVariantGroup;
			children = (
				CFE38BBB221F794300DB62EA /* Base */,
			);
			name = LaunchScreen.storyboard;
			sourceTree = "<group>";
		};
/* End PBXVariantGroup section */

/* Begin XCBuildConfiguration section */
		CFE38BBE221F794300DB62EA /* Debug */ = {
			isa = XCBuildConfiguration;
			buildSettings = {
				ALWAYS_SEARCH_USER_PATHS = NO;
				CLANG_ANALYZER_NONNULL = YES;
				CLANG_ANALYZER_NUMBER_OBJECT_CONVERSION = YES_AGGRESSIVE;
				CLANG_CXX_LANGUAGE_STANDARD = "gnu++14";
				CLANG_CXX_LIBRARY = "libc++";
				CLANG_ENABLE_MODULES = YES;
				CLANG_ENABLE_OBJC_ARC = YES;
				CLANG_ENABLE_OBJC_WEAK = YES;
				CLANG_WARN_BLOCK_CAPTURE_AUTORELEASING = YES;
				CLANG_WARN_BOOL_CONVERSION = YES;
				CLANG_WARN_COMMA = YES;
				CLANG_WARN_CONSTANT_CONVERSION = YES;
				CLANG_WARN_DEPRECATED_OBJC_IMPLEMENTATIONS = YES;
				CLANG_WARN_DIRECT_OBJC_ISA_USAGE = YES_ERROR;
				CLANG_WARN_DOCUMENTATION_COMMENTS = YES;
				CLANG_WARN_EMPTY_BODY = YES;
				CLANG_WARN_ENUM_CONVERSION = YES;
				CLANG_WARN_INFINITE_RECURSION = YES;
				CLANG_WARN_INT_CONVERSION = YES;
				CLANG_WARN_NON_LITERAL_NULL_CONVERSION = YES;
				CLANG_WARN_OBJC_IMPLICIT_RETAIN_SELF = YES;
				CLANG_WARN_OBJC_LITERAL_CONVERSION = YES;
				CLANG_WARN_OBJC_ROOT_CLASS = YES_ERROR;
				CLANG_WARN_RANGE_LOOP_ANALYSIS = YES;
				CLANG_WARN_STRICT_PROTOTYPES = YES;
				CLANG_WARN_SUSPICIOUS_MOVE = YES;
				CLANG_WARN_UNGUARDED_AVAILABILITY = YES_AGGRESSIVE;
				CLANG_WARN_UNREACHABLE_CODE = YES;
				CLANG_WARN__DUPLICATE_METHOD_MATCH = YES;
				CODE_SIGN_IDENTITY = "iPhone Developer";
				COPY_PHASE_STRIP = NO;
				DEBUG_INFORMATION_FORMAT = dwarf;
				ENABLE_STRICT_OBJC_MSGSEND = YES;
				ENABLE_TESTABILITY = YES;
				GCC_C_LANGUAGE_STANDARD = gnu11;
				GCC_DYNAMIC_NO_PIC = NO;
				GCC_NO_COMMON_BLOCKS = YES;
				GCC_OPTIMIZATION_LEVEL = 0;
				GCC_PREPROCESSOR_DEFINITIONS = (
					"DEBUG=1",
					"$(inherited)",
				);
				GCC_WARN_64_TO_32_BIT_CONVERSION = YES;
				GCC_WARN_ABOUT_RETURN_TYPE = YES_ERROR;
				GCC_WARN_UNDECLARED_SELECTOR = YES;
				GCC_WARN_UNINITIALIZED_AUTOS = YES_AGGRESSIVE;
				GCC_WARN_UNUSED_FUNCTION = YES;
				GCC_WARN_UNUSED_VARIABLE = YES;
				IPHONEOS_DEPLOYMENT_TARGET = 12.1;
				MTL_ENABLE_DEBUG_INFO = INCLUDE_SOURCE;
				MTL_FAST_MATH = YES;
				ONLY_ACTIVE_ARCH = YES;
				SDKROOT = iphoneos;
				SWIFT_ACTIVE_COMPILATION_CONDITIONS = DEBUG;
				SWIFT_OPTIMIZATION_LEVEL = "-Onone";
			};
			name = Debug;
		};
		CFE38BBF221F794300DB62EA /* Release */ = {
			isa = XCBuildConfiguration;
			buildSettings = {
				ALWAYS_SEARCH_USER_PATHS = NO;
				CLANG_ANALYZER_NONNULL = YES;
				CLANG_ANALYZER_NUMBER_OBJECT_CONVERSION = YES_AGGRESSIVE;
				CLANG_CXX_LANGUAGE_STANDARD = "gnu++14";
				CLANG_CXX_LIBRARY = "libc++";
				CLANG_ENABLE_MODULES = YES;
				CLANG_ENABLE_OBJC_ARC = YES;
				CLANG_ENABLE_OBJC_WEAK = YES;
				CLANG_WARN_BLOCK_CAPTURE_AUTORELEASING = YES;
				CLANG_WARN_BOOL_CONVERSION = YES;
				CLANG_WARN_COMMA = YES;
				CLANG_WARN_CONSTANT_CONVERSION = YES;
				CLANG_WARN_DEPRECATED_OBJC_IMPLEMENTATIONS = YES;
				CLANG_WARN_DIRECT_OBJC_ISA_USAGE = YES_ERROR;
				CLANG_WARN_DOCUMENTATION_COMMENTS = YES;
				CLANG_WARN_EMPTY_BODY = YES;
				CLANG_WARN_ENUM_CONVERSION = YES;
				CLANG_WARN_INFINITE_RECURSION = YES;
				CLANG_WARN_INT_CONVERSION = YES;
				CLANG_WARN_NON_LITERAL_NULL_CONVERSION = YES;
				CLANG_WARN_OBJC_IMPLICIT_RETAIN_SELF = YES;
				CLANG_WARN_OBJC_LITERAL_CONVERSION = YES;
				CLANG_WARN_OBJC_ROOT_CLASS = YES_ERROR;
				CLANG_WARN_RANGE_LOOP_ANALYSIS = YES;
				CLANG_WARN_STRICT_PROTOTYPES = YES;
				CLANG_WARN_SUSPICIOUS_MOVE = YES;
				CLANG_WARN_UNGUARDED_AVAILABILITY = YES_AGGRESSIVE;
				CLANG_WARN_UNREACHABLE_CODE = YES;
				CLANG_WARN__DUPLICATE_METHOD_MATCH = YES;
				CODE_SIGN_IDENTITY = "iPhone Developer";
				COPY_PHASE_STRIP = NO;
				DEBUG_INFORMATION_FORMAT = "dwarf-with-dsym";
				ENABLE_NS_ASSERTIONS = NO;
				ENABLE_STRICT_OBJC_MSGSEND = YES;
				GCC_C_LANGUAGE_STANDARD = gnu11;
				GCC_NO_COMMON_BLOCKS = YES;
				GCC_WARN_64_TO_32_BIT_CONVERSION = YES;
				GCC_WARN_ABOUT_RETURN_TYPE = YES_ERROR;
				GCC_WARN_UNDECLARED_SELECTOR = YES;
				GCC_WARN_UNINITIALIZED_AUTOS = YES_AGGRESSIVE;
				GCC_WARN_UNUSED_FUNCTION = YES;
				GCC_WARN_UNUSED_VARIABLE = YES;
				IPHONEOS_DEPLOYMENT_TARGET = 12.1;
				MTL_ENABLE_DEBUG_INFO = NO;
				MTL_FAST_MATH = YES;
				SDKROOT = iphoneos;
				SWIFT_COMPILATION_MODE = wholemodule;
				SWIFT_OPTIMIZATION_LEVEL = "-O";
				VALIDATE_PRODUCT = YES;
			};
			name = Release;
		};
		CFE38BC1221F794300DB62EA /* Debug */ = {
			isa = XCBuildConfiguration;
			baseConfigurationReference = 0AC186C9ABF9B5957F3432FA /* Pods-FlixMovie.debug.xcconfig */;
			buildSettings = {
				ASSETCATALOG_COMPILER_APPICON_NAME = AppIcon;
				CODE_SIGN_STYLE = Automatic;
				DEVELOPMENT_TEAM = KWLJYU2ZY8;
				INFOPLIST_FILE = FlixMovie/Info.plist;
				LD_RUNPATH_SEARCH_PATHS = (
					"$(inherited)",
					"@executable_path/Frameworks",
				);
				PRODUCT_BUNDLE_IDENTIFIER = cpp.FlixMoviee;
				PRODUCT_NAME = "$(TARGET_NAME)";
				SWIFT_VERSION = 4.2;
				TARGETED_DEVICE_FAMILY = "1,2";
			};
			name = Debug;
		};
		CFE38BC2221F794300DB62EA /* Release */ = {
			isa = XCBuildConfiguration;
			baseConfigurationReference = 1B237DD0CCFB4270F2F9AA87 /* Pods-FlixMovie.release.xcconfig */;
			buildSettings = {
				ASSETCATALOG_COMPILER_APPICON_NAME = AppIcon;
				CODE_SIGN_STYLE = Automatic;
				DEVELOPMENT_TEAM = KWLJYU2ZY8;
				INFOPLIST_FILE = FlixMovie/Info.plist;
				LD_RUNPATH_SEARCH_PATHS = (
					"$(inherited)",
					"@executable_path/Frameworks",
				);
				PRODUCT_BUNDLE_IDENTIFIER = cpp.FlixMoviee;
				PRODUCT_NAME = "$(TARGET_NAME)";
				SWIFT_VERSION = 4.2;
				TARGETED_DEVICE_FAMILY = "1,2";
			};
			name = Release;
		};
/* End XCBuildConfiguration section */

/* Begin XCConfigurationList section */
		CFE38BA9221F794200DB62EA /* Build configuration list for PBXProject "FlixMovie" */ = {
			isa = XCConfigurationList;
			buildConfigurations = (
				CFE38BBE221F794300DB62EA /* Debug */,
				CFE38BBF221F794300DB62EA /* Release */,
			);
			defaultConfigurationIsVisible = 0;
			defaultConfigurationName = Release;
		};
		CFE38BC0221F794300DB62EA /* Build configuration list for PBXNativeTarget "FlixMovie" */ = {
			isa = XCConfigurationList;
			buildConfigurations = (
				CFE38BC1221F794300DB62EA /* Debug */,
				CFE38BC2221F794300DB62EA /* Release */,
			);
			defaultConfigurationIsVisible = 0;
			defaultConfigurationName = Release;
		};
/* End XCConfigurationList section */
	};
	rootObject = CFE38BA6221F794200DB62EA /* Project object */;
}
